github.com/dioptra-io/retina-commons v1.0.1-0.20261001222522-5e24b95f82bb h1:1u8jXdjd6nhmidA+SA8pCjMAXDG3Gkb6weiPCA/vcas=
github.com/dioptra-io/retina-commons v1.0.1-0.20261001222522-5e24b95f82bb/go.mod h1:hfCZsurLyNnlnj7+/Rf5kl1DI7BN9HA+oaLY4dLe1vI=
golang.org/x/sync v0.19.0 h1:vV+1eWNmZ5geRlYjzm2adRgW2/mcpevXNg50YZtPCE4=
golang.org/x/sync v0.19.0/go.mod h1:9KTHXmSnoGruLpwFjVSX0lNNA75CykiMECbovNTZqGI=
